{
  "requires": true,
  "lockfileVersion": 1,
  "dependencies": {
    "drizzle": {
      "version": "1.0.1",
      "resolved": "https://registry.npmjs.org/drizzle/-/drizzle-1.0.1.tgz",
      "integrity": "sha512-8ftPpbEOrhyD2+XYLQ0EMgvDwe5FOCAUb8NxSygkxy2SURk6TEBR+Qamh54ASDywY1MxgvRfxfT7HJ6L6eYtCg=="
    }
  }
}
